{
  "nodes": {
    "dotfiles-private": {
      "inputs": {
        "nixpkgs": [
          "nixpkgs"
        ],
        "sops-nix": "sops-nix"
      },
      "locked": {
        "lastModified": 1757691185,
        "narHash": "sha256-lgOmE+yFO9uZSePhQU90zrPQ6OZqNXAtViO+Cn6QugI=",
        "ref": "refs/heads/main",
        "rev": "4d6c8051b3515971961ad7ccc89566a625cbefa4",
        "revCount": 2,
        "type": "git",
        "url": "ssh://git@github.com/linkfrg/dotfiles-private.git"
      },
      "original": {
        "type": "git",
        "url": "ssh://git@github.com/linkfrg/dotfiles-private.git"
      }
    },
    "firefox-addons": {
      "inputs": {
        "nixpkgs": [
          "nixpkgs"
        ]
      },
      "locked": {
        "dir": "pkgs/firefox-addons",
        "lastModified": 1757591399,
        "narHash": "sha256-OlvNzfsqDok0y5PDY+2dK5T53GsxAdm1YGdYHjxAiHM=",
        "owner": "rycee",
        "repo": "nur-expressions",
        "rev": "b7d4f61ce9db44ba82859e15f6e1c175959948e3",
        "type": "gitlab"
      },
      "original": {
        "dir": "pkgs/firefox-addons",
        "owner": "rycee",
        "repo": "nur-expressions",
        "type": "gitlab"
      }
    },
    "home-manager": {
      "inputs": {
        "nixpkgs": [
          "nixpkgs"
        ]
      },
      "locked": {
        "lastModified": 1757598712,
        "narHash": "sha256-5PWVrdMp8u31Q247jqnJcwxKg3MJrs1TadTyTBRVBDY=",
        "owner": "nix-community",
        "repo": "home-manager",
        "rev": "6d7c11a0adee0db21e3a8ef90ae07bb89bc20b8f",
        "type": "github"
      },
      "original": {
        "owner": "nix-community",
        "repo": "home-manager",
        "type": "github"
      }
    },
    "ignis": {
      "inputs": {
        "ignis-gvc": "ignis-gvc",
        "nixpkgs": [
          "nixpkgs"
        ]
      },
      "locked": {
        "lastModified": 1757521698,
        "narHash": "sha256-W3D0h3Xk/eKHF7E2iMecStIQjYPCskiQWKWskjx6vfo=",
        "owner": "ignis-sh",
        "repo": "ignis",
        "rev": "7ee293b22253ba2b075c1fc95afcde2a1cc76c03",
        "type": "github"
      },
      "original": {
        "owner": "ignis-sh",
        "repo": "ignis",
        "type": "github"
      }
    },
    "ignis-gvc": {
      "inputs": {
        "nixpkgs": [
          "ignis",
          "nixpkgs"
        ]
      },
      "locked": {
        "lastModified": 1754064086,
        "narHash": "sha256-ft5KvY2OYrWF+jEsfBL/Zx8Iuo2C10C6COk8wHwZw34=",
        "owner": "ignis-sh",
        "repo": "ignis-gvc",
        "rev": "f2c9f10d8b49cc38106a2f07a51ea959c6aa4e63",
        "type": "github"
      },
      "original": {
        "owner": "ignis-sh",
        "repo": "ignis-gvc",
        "type": "github"
      }
    },
    "ignisctl-rs": {
      "inputs": {
        "nixpkgs": [
          "nixpkgs"
        ]
      },
      "locked": {
        "lastModified": 1754058301,
        "narHash": "sha256-irXuwCfCvIqJwyH8xkMCkBT+eUs/lTCg0pm087Bh0Us=",
        "owner": "linkfrg",
        "repo": "ignisctl-rs",
        "rev": "99a03a6ce8d1f1f85836b895d5b584ee2b73b27c",
        "type": "github"
      },
      "original": {
        "owner": "linkfrg",
        "repo": "ignisctl-rs",
        "type": "github"
      }
    },
    "nixpkgs": {
      "locked": {
        "lastModified": 1757487488,
        "narHash": "sha256-zwE/e7CuPJUWKdvvTCB7iunV4E/+G0lKfv4kk/5Izdg=",
        "owner": "nixos",
        "repo": "nixpkgs",
        "rev": "ab0f3607a6c7486ea22229b92ed2d355f1482ee0",
        "type": "github"
      },
      "original": {
        "owner": "nixos",
        "ref": "nixos-unstable",
        "repo": "nixpkgs",
        "type": "github"
      }
    },
    "root": {
      "inputs": {
        "dotfiles-private": "dotfiles-private",
        "firefox-addons": "firefox-addons",
        "home-manager": "home-manager",
        "ignis": "ignis",
        "ignisctl-rs": "ignisctl-rs",
        "nixpkgs": "nixpkgs"
      }
    },
    "sops-nix": {
      "inputs": {
        "nixpkgs": [
          "dotfiles-private",
          "nixpkgs"
        ]
      },
      "locked": {
        "lastModified": 1758007585,
        "narHash": "sha256-HYnwlbY6RE5xVd5rh0bYw77pnD8lOgbT4mlrfjgNZ0c=",
        "owner": "Mic92",
        "repo": "sops-nix",
        "rev": "f77d4cfa075c3de66fc9976b80e0c4fc69e2c139",
        "type": "github"
      },
      "original": {
        "owner": "Mic92",
        "repo": "sops-nix",
        "type": "github"
      }
    }
  },
  "root": "root",
  "version": 7
}
