{
  "nodes": {
    "dotfiles-private": {
      "inputs": {
        "nixpkgs": [
          "nixpkgs"
        ],
        "sops-nix": "sops-nix"
      },
      "locked": {
        "lastModified": 1755701835,
        "narHash": "sha256-+9blVSgxy7pgHZgxdhRMPSJ1FKFNJEOja6I1JQODsHk=",
        "ref": "refs/heads/main",
        "rev": "d0debf83b6a13701bcb310db0172ba5f83221822",
        "revCount": 1,
        "type": "git",
        "url": "ssh://git@github.com/linkfrg/dotfiles-private.git"
      },
      "original": {
        "type": "git",
        "url": "ssh://git@github.com/linkfrg/dotfiles-private.git"
      }
    },
    "firefox-addons": {
      "inputs": {
        "nixpkgs": [
          "nixpkgs"
        ]
      },
      "locked": {
        "dir": "pkgs/firefox-addons",
        "lastModified": 1755835412,
        "narHash": "sha256-RzTBJ5ERXrJk7JPIDp1vjUNMKka6tyg4RctIR3cxqsM=",
        "owner": "rycee",
        "repo": "nur-expressions",
        "rev": "56254103ed36317cf471da3c93ac13805c72a7fa",
        "type": "gitlab"
      },
      "original": {
        "dir": "pkgs/firefox-addons",
        "owner": "rycee",
        "repo": "nur-expressions",
        "type": "gitlab"
      }
    },
    "home-manager": {
      "inputs": {
        "nixpkgs": [
          "nixpkgs"
        ]
      },
      "locked": {
        "lastModified": 1755810213,
        "narHash": "sha256-QdenO8f0PTg+tC6HuSvngKcbRZA5oZKmjUT+MXKOLQg=",
        "owner": "nix-community",
        "repo": "home-manager",
        "rev": "6911d3e7f475f7b3558b4f5a6aba90fa86099baa",
        "type": "github"
      },
      "original": {
        "owner": "nix-community",
        "repo": "home-manager",
        "type": "github"
      }
    },
    "ignis": {
      "inputs": {
        "ignis-gvc": "ignis-gvc",
        "nixpkgs": [
          "nixpkgs"
        ]
      },
      "locked": {
        "lastModified": 1755811940,
        "narHash": "sha256-DBZfyzk29UZrMR7nIAKaPX72NXxMPfkOdHuiCmH+kNc=",
        "owner": "ignis-sh",
        "repo": "ignis",
        "rev": "b6d006bd4490705c29b1cf0bb288dd56acf222da",
        "type": "github"
      },
      "original": {
        "owner": "ignis-sh",
        "repo": "ignis",
        "type": "github"
      }
    },
    "ignis-gvc": {
      "inputs": {
        "nixpkgs": [
          "ignis",
          "nixpkgs"
        ]
      },
      "locked": {
        "lastModified": 1754064086,
        "narHash": "sha256-ft5KvY2OYrWF+jEsfBL/Zx8Iuo2C10C6COk8wHwZw34=",
        "owner": "ignis-sh",
        "repo": "ignis-gvc",
        "rev": "f2c9f10d8b49cc38106a2f07a51ea959c6aa4e63",
        "type": "github"
      },
      "original": {
        "owner": "ignis-sh",
        "repo": "ignis-gvc",
        "type": "github"
      }
    },
    "ignisctl-rs": {
      "inputs": {
        "nixpkgs": [
          "nixpkgs"
        ]
      },
      "locked": {
        "lastModified": 1754058301,
        "narHash": "sha256-irXuwCfCvIqJwyH8xkMCkBT+eUs/lTCg0pm087Bh0Us=",
        "owner": "linkfrg",
        "repo": "ignisctl-rs",
        "rev": "99a03a6ce8d1f1f85836b895d5b584ee2b73b27c",
        "type": "github"
      },
      "original": {
        "owner": "linkfrg",
        "repo": "ignisctl-rs",
        "type": "github"
      }
    },
    "nixpkgs": {
      "locked": {
        "lastModified": 1755615617,
        "narHash": "sha256-HMwfAJBdrr8wXAkbGhtcby1zGFvs+StOp19xNsbqdOg=",
        "owner": "nixos",
        "repo": "nixpkgs",
        "rev": "20075955deac2583bb12f07151c2df830ef346b4",
        "type": "github"
      },
      "original": {
        "owner": "nixos",
        "ref": "nixos-unstable",
        "repo": "nixpkgs",
        "type": "github"
      }
    },
    "root": {
      "inputs": {
        "dotfiles-private": "dotfiles-private",
        "firefox-addons": "firefox-addons",
        "home-manager": "home-manager",
        "ignis": "ignis",
        "ignisctl-rs": "ignisctl-rs",
        "nixpkgs": "nixpkgs"
      }
    },
    "sops-nix": {
      "inputs": {
        "nixpkgs": [
          "dotfiles-private",
          "nixpkgs"
        ]
      },
      "locked": {
        "lastModified": 1754988908,
        "narHash": "sha256-t+voe2961vCgrzPFtZxha0/kmFSHFobzF00sT8p9h0U=",
        "owner": "Mic92",
        "repo": "sops-nix",
        "rev": "3223c7a92724b5d804e9988c6b447a0d09017d48",
        "type": "github"
      },
      "original": {
        "owner": "Mic92",
        "repo": "sops-nix",
        "type": "github"
      }
    }
  },
  "root": "root",
  "version": 7
}
